
Microsoft Visual Studio Solution File, Format Version 12.00
# Visual Studio Version 17
VisualStudioVersion = 17.14.36121.58 d17.14
MinimumVisualStudioVersion = 10.0.40219.1
Project("{FAE04EC0-301F-11D3-BF4B-00C04F79EFBC}") = "BasicClassConcepts", "BasicClassConcepts\BasicClassConcepts.csproj", "{4BBEE265-B36B-487E-B7AF-FB2EEE87A0CD}"
EndProject
Global
	GlobalSection(SolutionConfigurationPlatforms) = preSolution
		Debug|Any CPU = Debug|Any CPU
		Release|Any CPU = Release|Any CPU
	EndGlobalSection
	GlobalSection(ProjectConfigurationPlatforms) = postSolution
		{4BBEE265-B36B-487E-B7AF-FB2EEE87A0CD}.Debug|Any CPU.ActiveCfg = Debug|Any CPU
		{4BBEE265-B36B-487E-B7AF-FB2EEE87A0CD}.Debug|Any CPU.Build.0 = Debug|Any CPU
		{4BBEE265-B36B-487E-B7AF-FB2EEE87A0CD}.Release|Any CPU.ActiveCfg = Release|Any CPU
		{4BBEE265-B36B-487E-B7AF-FB2EEE87A0CD}.Release|Any CPU.Build.0 = Release|Any CPU
	EndGlobalSection
	GlobalSection(SolutionProperties) = preSolution
		HideSolutionNode = FALSE
	EndGlobalSection
	GlobalSection(ExtensibilityGlobals) = postSolution
		SolutionGuid = {2B5D9059-2A91-4D69-B62E-D047D0E877F4}
	EndGlobalSection
EndGlobal
