
Microsoft Visual Studio Solution File, Format Version 12.00
# Visual Studio Version 17
VisualStudioVersion = 17.14.36121.58 d17.14
MinimumVisualStudioVersion = 10.0.40219.1
Project("{FAE04EC0-301F-11D3-BF4B-00C04F79EFBC}") = "InheritanceAssignment", "InheritanceAssignment\InheritanceAssignment.csproj", "{B45D8662-B144-467C-899B-7567C2C991D5}"
EndProject
Global
	GlobalSection(SolutionConfigurationPlatforms) = preSolution
		Debug|Any CPU = Debug|Any CPU
		Release|Any CPU = Release|Any CPU
	EndGlobalSection
	GlobalSection(ProjectConfigurationPlatforms) = postSolution
		{B45D8662-B144-467C-899B-7567C2C991D5}.Debug|Any CPU.ActiveCfg = Debug|Any CPU
		{B45D8662-B144-467C-899B-7567C2C991D5}.Debug|Any CPU.Build.0 = Debug|Any CPU
		{B45D8662-B144-467C-899B-7567C2C991D5}.Release|Any CPU.ActiveCfg = Release|Any CPU
		{B45D8662-B144-467C-899B-7567C2C991D5}.Release|Any CPU.Build.0 = Release|Any CPU
	EndGlobalSection
	GlobalSection(SolutionProperties) = preSolution
		HideSolutionNode = FALSE
	EndGlobalSection
	GlobalSection(ExtensibilityGlobals) = postSolution
		SolutionGuid = {77EF5A4A-5C43-406E-89A5-AEFB68C06E56}
	EndGlobalSection
EndGlobal
