
Microsoft Visual Studio Solution File, Format Version 12.00
# Visual Studio Version 17
VisualStudioVersion = 17.14.36121.58 d17.14
MinimumVisualStudioVersion = 10.0.40219.1
Project("{FAE04EC0-301F-11D3-BF4B-00C04F79EFBC}") = "Properties", "Properties\Properties.csproj", "{4E1B3456-10EC-41F5-ADBD-281BFDEC65B7}"
EndProject
Project("{FAE04EC0-301F-11D3-BF4B-00C04F79EFBC}") = "CtorAndObjInitializers", "CtorAndObjInitializers\CtorAndObjInitializers.csproj", "{FBF336D1-4059-4A31-AA01-4E1B3E5BF060}"
EndProject
Global
	GlobalSection(SolutionConfigurationPlatforms) = preSolution
		Debug|Any CPU = Debug|Any CPU
		Release|Any CPU = Release|Any CPU
	EndGlobalSection
	GlobalSection(ProjectConfigurationPlatforms) = postSolution
		{4E1B3456-10EC-41F5-ADBD-281BFDEC65B7}.Debug|Any CPU.ActiveCfg = Debug|Any CPU
		{4E1B3456-10EC-41F5-ADBD-281BFDEC65B7}.Debug|Any CPU.Build.0 = Debug|Any CPU
		{4E1B3456-10EC-41F5-ADBD-281BFDEC65B7}.Release|Any CPU.ActiveCfg = Release|Any CPU
		{4E1B3456-10EC-41F5-ADBD-281BFDEC65B7}.Release|Any CPU.Build.0 = Release|Any CPU
		{FBF336D1-4059-4A31-AA01-4E1B3E5BF060}.Debug|Any CPU.ActiveCfg = Debug|Any CPU
		{FBF336D1-4059-4A31-AA01-4E1B3E5BF060}.Debug|Any CPU.Build.0 = Debug|Any CPU
		{FBF336D1-4059-4A31-AA01-4E1B3E5BF060}.Release|Any CPU.ActiveCfg = Release|Any CPU
		{FBF336D1-4059-4A31-AA01-4E1B3E5BF060}.Release|Any CPU.Build.0 = Release|Any CPU
	EndGlobalSection
	GlobalSection(SolutionProperties) = preSolution
		HideSolutionNode = FALSE
	EndGlobalSection
	GlobalSection(ExtensibilityGlobals) = postSolution
		SolutionGuid = {191BFDA6-955A-4528-83E7-FB1CDFD4B7D4}
	EndGlobalSection
EndGlobal
